
Microsoft Visual Studio Solution File, Format Version 12.00
# Visual Studio Version 17
VisualStudioVersion = 17.5.33414.496
MinimumVisualStudioVersion = 10.0.40219.1
Project("{FAE04EC0-301F-11D3-BF4B-00C04F79EFBC}") = "App2", "App2\App2.csproj", "{40552160-595C-44C4-90EF-E756F04A7F37}"
EndProject
Project("{FAE04EC0-301F-11D3-BF4B-00C04F79EFBC}") = "ClassLibrary1", "ClassLibrary1\ClassLibrary1.csproj", "{637C250D-568A-4547-B997-A655F79B9DF7}"
EndProject
Global
	GlobalSection(SolutionConfigurationPlatforms) = preSolution
		Debug|Any CPU = Debug|Any CPU
		Debug|iPhone = Debug|iPhone
		Debug|iPhoneSimulator = Debug|iPhoneSimulator
		Release|Any CPU = Release|Any CPU
		Release|iPhone = Release|iPhone
		Release|iPhoneSimulator = Release|iPhoneSimulator
	EndGlobalSection
	GlobalSection(ProjectConfigurationPlatforms) = postSolution
		{40552160-595C-44C4-90EF-E756F04A7F37}.Debug|Any CPU.ActiveCfg = Debug|iPhoneSimulator
		{40552160-595C-44C4-90EF-E756F04A7F37}.Debug|Any CPU.Build.0 = Debug|iPhoneSimulator
		{40552160-595C-44C4-90EF-E756F04A7F37}.Debug|Any CPU.Deploy.0 = Debug|iPhoneSimulator
		{40552160-595C-44C4-90EF-E756F04A7F37}.Debug|iPhone.ActiveCfg = Debug|iPhone
		{40552160-595C-44C4-90EF-E756F04A7F37}.Debug|iPhone.Build.0 = Debug|iPhone
		{40552160-595C-44C4-90EF-E756F04A7F37}.Debug|iPhone.Deploy.0 = Debug|iPhone
		{40552160-595C-44C4-90EF-E756F04A7F37}.Debug|iPhoneSimulator.ActiveCfg = Debug|iPhoneSimulator
		{40552160-595C-44C4-90EF-E756F04A7F37}.Debug|iPhoneSimulator.Build.0 = Debug|iPhoneSimulator
		{40552160-595C-44C4-90EF-E756F04A7F37}.Debug|iPhoneSimulator.Deploy.0 = Debug|iPhoneSimulator
		{40552160-595C-44C4-90EF-E756F04A7F37}.Release|Any CPU.ActiveCfg = Release|iPhoneSimulator
		{40552160-595C-44C4-90EF-E756F04A7F37}.Release|Any CPU.Build.0 = Release|iPhoneSimulator
		{40552160-595C-44C4-90EF-E756F04A7F37}.Release|Any CPU.Deploy.0 = Release|iPhoneSimulator
		{40552160-595C-44C4-90EF-E756F04A7F37}.Release|iPhone.ActiveCfg = Release|iPhone
		{40552160-595C-44C4-90EF-E756F04A7F37}.Release|iPhone.Build.0 = Release|iPhone
		{40552160-595C-44C4-90EF-E756F04A7F37}.Release|iPhone.Deploy.0 = Release|iPhone
		{40552160-595C-44C4-90EF-E756F04A7F37}.Release|iPhoneSimulator.ActiveCfg = Release|iPhoneSimulator
		{40552160-595C-44C4-90EF-E756F04A7F37}.Release|iPhoneSimulator.Build.0 = Release|iPhoneSimulator
		{40552160-595C-44C4-90EF-E756F04A7F37}.Release|iPhoneSimulator.Deploy.0 = Release|iPhoneSimulator
		{637C250D-568A-4547-B997-A655F79B9DF7}.Debug|Any CPU.ActiveCfg = Debug|Any CPU
		{637C250D-568A-4547-B997-A655F79B9DF7}.Debug|Any CPU.Build.0 = Debug|Any CPU
		{637C250D-568A-4547-B997-A655F79B9DF7}.Debug|iPhone.ActiveCfg = Debug|Any CPU
		{637C250D-568A-4547-B997-A655F79B9DF7}.Debug|iPhone.Build.0 = Debug|Any CPU
		{637C250D-568A-4547-B997-A655F79B9DF7}.Debug|iPhoneSimulator.ActiveCfg = Debug|Any CPU
		{637C250D-568A-4547-B997-A655F79B9DF7}.Debug|iPhoneSimulator.Build.0 = Debug|Any CPU
		{637C250D-568A-4547-B997-A655F79B9DF7}.Release|Any CPU.ActiveCfg = Release|Any CPU
		{637C250D-568A-4547-B997-A655F79B9DF7}.Release|Any CPU.Build.0 = Release|Any CPU
		{637C250D-568A-4547-B997-A655F79B9DF7}.Release|iPhone.ActiveCfg = Release|Any CPU
		{637C250D-568A-4547-B997-A655F79B9DF7}.Release|iPhone.Build.0 = Release|Any CPU
		{637C250D-568A-4547-B997-A655F79B9DF7}.Release|iPhoneSimulator.ActiveCfg = Release|Any CPU
		{637C250D-568A-4547-B997-A655F79B9DF7}.Release|iPhoneSimulator.Build.0 = Release|Any CPU
	EndGlobalSection
	GlobalSection(SolutionProperties) = preSolution
		HideSolutionNode = FALSE
	EndGlobalSection
	GlobalSection(ExtensibilityGlobals) = postSolution
		SolutionGuid = {E3E0EF49-14AA-4D02-9E6D-1FC1358DA0C2}
	EndGlobalSection
EndGlobal
